
Microsoft Visual Studio Solution File, Format Version 12.00
# Visual Studio 15
Project("{FAE04EC0-301F-11D3-BF4B-00C04F79EFBC}") = "PhotonUnityNetworking.Utilities", "PhotonUnityNetworking.Utilities.csproj", "{688C2EEB-0EB9-9E0C-EEA2-C3AAF6B9969D}"
EndProject
Project("{FAE04EC0-301F-11D3-BF4B-00C04F79EFBC}") = "Assembly-CSharp", "Assembly-CSharp.csproj", "{CA25AAE5-F4F6-0279-45C9-7A47391C6E77}"
EndProject
Project("{FAE04EC0-301F-11D3-BF4B-00C04F79EFBC}") = "PhotonUnityNetworking", "PhotonUnityNetworking.csproj", "{47F8E18C-AAF4-C756-AA39-143EF522B163}"
EndProject
Project("{FAE04EC0-301F-11D3-BF4B-00C04F79EFBC}") = "Assembly-CSharp-firstpass", "Assembly-CSharp-firstpass.csproj", "{96CCF26B-C8D3-DB8D-F65D-44F9F965FB64}"
EndProject
Project("{FAE04EC0-301F-11D3-BF4B-00C04F79EFBC}") = "PhotonChat", "PhotonChat.csproj", "{79D811F8-94A2-8B38-5061-F4A91E7CA3EA}"
EndProject
Project("{FAE04EC0-301F-11D3-BF4B-00C04F79EFBC}") = "PhotonRealtime", "PhotonRealtime.csproj", "{063194D4-A6B2-F220-0E35-CA66727F119C}"
EndProject
Project("{FAE04EC0-301F-11D3-BF4B-00C04F79EFBC}") = "PhotonUnityNetworking.Editor", "PhotonUnityNetworking.Editor.csproj", "{5B0B4EF0-6BDD-F4CD-682F-EBCDFDA91A05}"
EndProject
Project("{FAE04EC0-301F-11D3-BF4B-00C04F79EFBC}") = "Assembly-CSharp-Editor-firstpass", "Assembly-CSharp-Editor-firstpass.csproj", "{D490FCA9-3941-155A-D79C-6955BF83F951}"
EndProject
Project("{FAE04EC0-301F-11D3-BF4B-00C04F79EFBC}") = "PhotonUnityNetworking.Utilities.PhotonPlayer.Editor", "PhotonUnityNetworking.Utilities.PhotonPlayer.Editor.csproj", "{336EAF5D-C727-36F5-C82A-6C4C824F08E1}"
EndProject
Project("{FAE04EC0-301F-11D3-BF4B-00C04F79EFBC}") = "PhotonUnityNetworking.Utilities.Culling.Editor", "PhotonUnityNetworking.Utilities.Culling.Editor.csproj", "{E83D0FF5-1A8F-B5AC-57BA-50A2CB28D2F4}"
EndProject
Global
	GlobalSection(SolutionConfigurationPlatforms) = preSolution
		Debug|Any CPU = Debug|Any CPU
		Release|Any CPU = Release|Any CPU
	EndGlobalSection
	GlobalSection(ProjectConfigurationPlatforms) = postSolution
		{688C2EEB-0EB9-9E0C-EEA2-C3AAF6B9969D}.Debug|Any CPU.ActiveCfg = Debug|Any CPU
		{688C2EEB-0EB9-9E0C-EEA2-C3AAF6B9969D}.Debug|Any CPU.Build.0 = Debug|Any CPU
		{688C2EEB-0EB9-9E0C-EEA2-C3AAF6B9969D}.Release|Any CPU.ActiveCfg = Release|Any CPU
		{688C2EEB-0EB9-9E0C-EEA2-C3AAF6B9969D}.Release|Any CPU.Build.0 = Release|Any CPU
		{CA25AAE5-F4F6-0279-45C9-7A47391C6E77}.Debug|Any CPU.ActiveCfg = Debug|Any CPU
		{CA25AAE5-F4F6-0279-45C9-7A47391C6E77}.Debug|Any CPU.Build.0 = Debug|Any CPU
		{CA25AAE5-F4F6-0279-45C9-7A47391C6E77}.Release|Any CPU.ActiveCfg = Release|Any CPU
		{CA25AAE5-F4F6-0279-45C9-7A47391C6E77}.Release|Any CPU.Build.0 = Release|Any CPU
		{47F8E18C-AAF4-C756-AA39-143EF522B163}.Debug|Any CPU.ActiveCfg = Debug|Any CPU
		{47F8E18C-AAF4-C756-AA39-143EF522B163}.Debug|Any CPU.Build.0 = Debug|Any CPU
		{47F8E18C-AAF4-C756-AA39-143EF522B163}.Release|Any CPU.ActiveCfg = Release|Any CPU
		{47F8E18C-AAF4-C756-AA39-143EF522B163}.Release|Any CPU.Build.0 = Release|Any CPU
		{96CCF26B-C8D3-DB8D-F65D-44F9F965FB64}.Debug|Any CPU.ActiveCfg = Debug|Any CPU
		{96CCF26B-C8D3-DB8D-F65D-44F9F965FB64}.Debug|Any CPU.Build.0 = Debug|Any CPU
		{96CCF26B-C8D3-DB8D-F65D-44F9F965FB64}.Release|Any CPU.ActiveCfg = Release|Any CPU
		{96CCF26B-C8D3-DB8D-F65D-44F9F965FB64}.Release|Any CPU.Build.0 = Release|Any CPU
		{79D811F8-94A2-8B38-5061-F4A91E7CA3EA}.Debug|Any CPU.ActiveCfg = Debug|Any CPU
		{79D811F8-94A2-8B38-5061-F4A91E7CA3EA}.Debug|Any CPU.Build.0 = Debug|Any CPU
		{79D811F8-94A2-8B38-5061-F4A91E7CA3EA}.Release|Any CPU.ActiveCfg = Release|Any CPU
		{79D811F8-94A2-8B38-5061-F4A91E7CA3EA}.Release|Any CPU.Build.0 = Release|Any CPU
		{063194D4-A6B2-F220-0E35-CA66727F119C}.Debug|Any CPU.ActiveCfg = Debug|Any CPU
		{063194D4-A6B2-F220-0E35-CA66727F119C}.Debug|Any CPU.Build.0 = Debug|Any CPU
		{063194D4-A6B2-F220-0E35-CA66727F119C}.Release|Any CPU.ActiveCfg = Release|Any CPU
		{063194D4-A6B2-F220-0E35-CA66727F119C}.Release|Any CPU.Build.0 = Release|Any CPU
		{5B0B4EF0-6BDD-F4CD-682F-EBCDFDA91A05}.Debug|Any CPU.ActiveCfg = Debug|Any CPU
		{5B0B4EF0-6BDD-F4CD-682F-EBCDFDA91A05}.Debug|Any CPU.Build.0 = Debug|Any CPU
		{5B0B4EF0-6BDD-F4CD-682F-EBCDFDA91A05}.Release|Any CPU.ActiveCfg = Release|Any CPU
		{5B0B4EF0-6BDD-F4CD-682F-EBCDFDA91A05}.Release|Any CPU.Build.0 = Release|Any CPU
		{D490FCA9-3941-155A-D79C-6955BF83F951}.Debug|Any CPU.ActiveCfg = Debug|Any CPU
		{D490FCA9-3941-155A-D79C-6955BF83F951}.Debug|Any CPU.Build.0 = Debug|Any CPU
		{D490FCA9-3941-155A-D79C-6955BF83F951}.Release|Any CPU.ActiveCfg = Release|Any CPU
		{D490FCA9-3941-155A-D79C-6955BF83F951}.Release|Any CPU.Build.0 = Release|Any CPU
		{336EAF5D-C727-36F5-C82A-6C4C824F08E1}.Debug|Any CPU.ActiveCfg = Debug|Any CPU
		{336EAF5D-C727-36F5-C82A-6C4C824F08E1}.Debug|Any CPU.Build.0 = Debug|Any CPU
		{336EAF5D-C727-36F5-C82A-6C4C824F08E1}.Release|Any CPU.ActiveCfg = Release|Any CPU
		{336EAF5D-C727-36F5-C82A-6C4C824F08E1}.Release|Any CPU.Build.0 = Release|Any CPU
		{E83D0FF5-1A8F-B5AC-57BA-50A2CB28D2F4}.Debug|Any CPU.ActiveCfg = Debug|Any CPU
		{E83D0FF5-1A8F-B5AC-57BA-50A2CB28D2F4}.Debug|Any CPU.Build.0 = Debug|Any CPU
		{E83D0FF5-1A8F-B5AC-57BA-50A2CB28D2F4}.Release|Any CPU.ActiveCfg = Release|Any CPU
		{E83D0FF5-1A8F-B5AC-57BA-50A2CB28D2F4}.Release|Any CPU.Build.0 = Release|Any CPU
	EndGlobalSection
	GlobalSection(SolutionProperties) = preSolution
		HideSolutionNode = FALSE
	EndGlobalSection
EndGlobal
