
Microsoft Visual Studio Solution File, Format Version 12.00
# Visual Studio 15
Project("{FAE04EC0-301F-11D3-BF4B-00C04F79EFBC}") = "PhotonUnityNetworking.Utilities", "PhotonUnityNetworking.Utilities.csproj", "{6E41ADD6-D85F-34B1-48E5-1C881AB97186}"
EndProject
Project("{FAE04EC0-301F-11D3-BF4B-00C04F79EFBC}") = "Assembly-CSharp", "Assembly-CSharp.csproj", "{67F900E0-0C75-A2CE-35CC-51DB96E21FE6}"
EndProject
Project("{FAE04EC0-301F-11D3-BF4B-00C04F79EFBC}") = "PhotonUnityNetworking", "PhotonUnityNetworking.csproj", "{52803A9B-1061-4BE4-598F-FC901DBB7468}"
EndProject
Project("{FAE04EC0-301F-11D3-BF4B-00C04F79EFBC}") = "Assembly-CSharp-firstpass", "Assembly-CSharp-firstpass.csproj", "{C5310441-2C0B-63D2-7F5C-BED50CF17161}"
EndProject
Project("{FAE04EC0-301F-11D3-BF4B-00C04F79EFBC}") = "PhotonChat", "PhotonChat.csproj", "{C410C2BC-4B6F-50CC-8C3F-1CD9D7F1885C}"
EndProject
Project("{FAE04EC0-301F-11D3-BF4B-00C04F79EFBC}") = "PhotonRealtime", "PhotonRealtime.csproj", "{67BD9E67-4E94-06B7-9D86-FAD0D87BD605}"
EndProject
Project("{FAE04EC0-301F-11D3-BF4B-00C04F79EFBC}") = "PhotonUnityNetworking.Editor", "PhotonUnityNetworking.Editor.csproj", "{7BBB4ED5-8EE1-91F2-3E51-D84BD7D9CEBE}"
EndProject
Project("{FAE04EC0-301F-11D3-BF4B-00C04F79EFBC}") = "Assembly-CSharp-Editor-firstpass", "Assembly-CSharp-Editor-firstpass.csproj", "{5D6E48CD-352D-D232-CCFA-C90191472AB2}"
EndProject
Project("{FAE04EC0-301F-11D3-BF4B-00C04F79EFBC}") = "PhotonUnityNetworking.Utilities.PhotonPlayer.Editor", "PhotonUnityNetworking.Utilities.PhotonPlayer.Editor.csproj", "{2BB8131B-794E-6FFB-C7C8-2391C535CA28}"
EndProject
Project("{FAE04EC0-301F-11D3-BF4B-00C04F79EFBC}") = "PhotonUnityNetworking.Utilities.Culling.Editor", "PhotonUnityNetworking.Utilities.Culling.Editor.csproj", "{EE26D81E-AC24-549D-E969-1A7033E9CDAF}"
EndProject
Global
	GlobalSection(SolutionConfigurationPlatforms) = preSolution
		Debug|Any CPU = Debug|Any CPU
		Release|Any CPU = Release|Any CPU
	EndGlobalSection
	GlobalSection(ProjectConfigurationPlatforms) = postSolution
		{6E41ADD6-D85F-34B1-48E5-1C881AB97186}.Debug|Any CPU.ActiveCfg = Debug|Any CPU
		{6E41ADD6-D85F-34B1-48E5-1C881AB97186}.Debug|Any CPU.Build.0 = Debug|Any CPU
		{6E41ADD6-D85F-34B1-48E5-1C881AB97186}.Release|Any CPU.ActiveCfg = Release|Any CPU
		{6E41ADD6-D85F-34B1-48E5-1C881AB97186}.Release|Any CPU.Build.0 = Release|Any CPU
		{67F900E0-0C75-A2CE-35CC-51DB96E21FE6}.Debug|Any CPU.ActiveCfg = Debug|Any CPU
		{67F900E0-0C75-A2CE-35CC-51DB96E21FE6}.Debug|Any CPU.Build.0 = Debug|Any CPU
		{67F900E0-0C75-A2CE-35CC-51DB96E21FE6}.Release|Any CPU.ActiveCfg = Release|Any CPU
		{67F900E0-0C75-A2CE-35CC-51DB96E21FE6}.Release|Any CPU.Build.0 = Release|Any CPU
		{52803A9B-1061-4BE4-598F-FC901DBB7468}.Debug|Any CPU.ActiveCfg = Debug|Any CPU
		{52803A9B-1061-4BE4-598F-FC901DBB7468}.Debug|Any CPU.Build.0 = Debug|Any CPU
		{52803A9B-1061-4BE4-598F-FC901DBB7468}.Release|Any CPU.ActiveCfg = Release|Any CPU
		{52803A9B-1061-4BE4-598F-FC901DBB7468}.Release|Any CPU.Build.0 = Release|Any CPU
		{C5310441-2C0B-63D2-7F5C-BED50CF17161}.Debug|Any CPU.ActiveCfg = Debug|Any CPU
		{C5310441-2C0B-63D2-7F5C-BED50CF17161}.Debug|Any CPU.Build.0 = Debug|Any CPU
		{C5310441-2C0B-63D2-7F5C-BED50CF17161}.Release|Any CPU.ActiveCfg = Release|Any CPU
		{C5310441-2C0B-63D2-7F5C-BED50CF17161}.Release|Any CPU.Build.0 = Release|Any CPU
		{C410C2BC-4B6F-50CC-8C3F-1CD9D7F1885C}.Debug|Any CPU.ActiveCfg = Debug|Any CPU
		{C410C2BC-4B6F-50CC-8C3F-1CD9D7F1885C}.Debug|Any CPU.Build.0 = Debug|Any CPU
		{C410C2BC-4B6F-50CC-8C3F-1CD9D7F1885C}.Release|Any CPU.ActiveCfg = Release|Any CPU
		{C410C2BC-4B6F-50CC-8C3F-1CD9D7F1885C}.Release|Any CPU.Build.0 = Release|Any CPU
		{67BD9E67-4E94-06B7-9D86-FAD0D87BD605}.Debug|Any CPU.ActiveCfg = Debug|Any CPU
		{67BD9E67-4E94-06B7-9D86-FAD0D87BD605}.Debug|Any CPU.Build.0 = Debug|Any CPU
		{67BD9E67-4E94-06B7-9D86-FAD0D87BD605}.Release|Any CPU.ActiveCfg = Release|Any CPU
		{67BD9E67-4E94-06B7-9D86-FAD0D87BD605}.Release|Any CPU.Build.0 = Release|Any CPU
		{7BBB4ED5-8EE1-91F2-3E51-D84BD7D9CEBE}.Debug|Any CPU.ActiveCfg = Debug|Any CPU
		{7BBB4ED5-8EE1-91F2-3E51-D84BD7D9CEBE}.Debug|Any CPU.Build.0 = Debug|Any CPU
		{7BBB4ED5-8EE1-91F2-3E51-D84BD7D9CEBE}.Release|Any CPU.ActiveCfg = Release|Any CPU
		{7BBB4ED5-8EE1-91F2-3E51-D84BD7D9CEBE}.Release|Any CPU.Build.0 = Release|Any CPU
		{5D6E48CD-352D-D232-CCFA-C90191472AB2}.Debug|Any CPU.ActiveCfg = Debug|Any CPU
		{5D6E48CD-352D-D232-CCFA-C90191472AB2}.Debug|Any CPU.Build.0 = Debug|Any CPU
		{5D6E48CD-352D-D232-CCFA-C90191472AB2}.Release|Any CPU.ActiveCfg = Release|Any CPU
		{5D6E48CD-352D-D232-CCFA-C90191472AB2}.Release|Any CPU.Build.0 = Release|Any CPU
		{2BB8131B-794E-6FFB-C7C8-2391C535CA28}.Debug|Any CPU.ActiveCfg = Debug|Any CPU
		{2BB8131B-794E-6FFB-C7C8-2391C535CA28}.Debug|Any CPU.Build.0 = Debug|Any CPU
		{2BB8131B-794E-6FFB-C7C8-2391C535CA28}.Release|Any CPU.ActiveCfg = Release|Any CPU
		{2BB8131B-794E-6FFB-C7C8-2391C535CA28}.Release|Any CPU.Build.0 = Release|Any CPU
		{EE26D81E-AC24-549D-E969-1A7033E9CDAF}.Debug|Any CPU.ActiveCfg = Debug|Any CPU
		{EE26D81E-AC24-549D-E969-1A7033E9CDAF}.Debug|Any CPU.Build.0 = Debug|Any CPU
		{EE26D81E-AC24-549D-E969-1A7033E9CDAF}.Release|Any CPU.ActiveCfg = Release|Any CPU
		{EE26D81E-AC24-549D-E969-1A7033E9CDAF}.Release|Any CPU.Build.0 = Release|Any CPU
	EndGlobalSection
	GlobalSection(SolutionProperties) = preSolution
		HideSolutionNode = FALSE
	EndGlobalSection
EndGlobal
